
Microsoft Visual Studio Solution File, Format Version 12.00
# Visual Studio Version 16
VisualStudioVersion = 16.0.30517.126
MinimumVisualStudioVersion = 10.0.40219.1
Project("{9A19103F-16F7-4668-BE54-9A1E7A4F7556}") = "VendingMachine", "VendingMachine\VendingMachine.csproj", "{57773DBC-E52F-4D49-A7A0-7FE4A6ED5641}"
EndProject
Project("{FAE04EC0-301F-11D3-BF4B-00C04F79EFBC}") = "VendingMachine.Test", "VendingMachine.Test\VendingMachine.Test.csproj", "{0B76DE7F-F5BE-4905-A31F-4AD1A2D44350}"
EndProject
Global
	GlobalSection(SolutionConfigurationPlatforms) = preSolution
		Debug|Any CPU = Debug|Any CPU
		Release|Any CPU = Release|Any CPU
	EndGlobalSection
	GlobalSection(ProjectConfigurationPlatforms) = postSolution
		{57773DBC-E52F-4D49-A7A0-7FE4A6ED5641}.Debug|Any CPU.ActiveCfg = Debug|Any CPU
		{57773DBC-E52F-4D49-A7A0-7FE4A6ED5641}.Debug|Any CPU.Build.0 = Debug|Any CPU
		{57773DBC-E52F-4D49-A7A0-7FE4A6ED5641}.Release|Any CPU.ActiveCfg = Release|Any CPU
		{57773DBC-E52F-4D49-A7A0-7FE4A6ED5641}.Release|Any CPU.Build.0 = Release|Any CPU
		{0B76DE7F-F5BE-4905-A31F-4AD1A2D44350}.Debug|Any CPU.ActiveCfg = Debug|Any CPU
		{0B76DE7F-F5BE-4905-A31F-4AD1A2D44350}.Debug|Any CPU.Build.0 = Debug|Any CPU
		{0B76DE7F-F5BE-4905-A31F-4AD1A2D44350}.Release|Any CPU.ActiveCfg = Release|Any CPU
		{0B76DE7F-F5BE-4905-A31F-4AD1A2D44350}.Release|Any CPU.Build.0 = Release|Any CPU
	EndGlobalSection
	GlobalSection(SolutionProperties) = preSolution
		HideSolutionNode = FALSE
	EndGlobalSection
	GlobalSection(ExtensibilityGlobals) = postSolution
		SolutionGuid = {D1C5653B-E360-4F75-8282-253FA4EEF5AA}
	EndGlobalSection
EndGlobal
